
Microsoft Visual Studio Solution File, Format Version 12.00
# Visual Studio Version 17
VisualStudioVersion = 17.0.31903.59
MinimumVisualStudioVersion = 10.0.40219.1
Project("{FAE04EC0-301F-11D3-BF4B-00C04F79EFBC}") = "Challenges", "Challenges\Challenges.csproj", "{F4FAFE71-9E18-4A4A-A82C-3B4602DCEA91}"
EndProject
Project("{FAE04EC0-301F-11D3-BF4B-00C04F79EFBC}") = "Challenges.Tests", "Challenges.Tests\Challenges.Tests.csproj", "{6E466099-8C46-43AF-BA15-24AE339722DD}"
EndProject
Global
	GlobalSection(SolutionConfigurationPlatforms) = preSolution
		Debug|Any CPU = Debug|Any CPU
		Release|Any CPU = Release|Any CPU
	EndGlobalSection
	GlobalSection(SolutionProperties) = preSolution
		HideSolutionNode = FALSE
	EndGlobalSection
	GlobalSection(ProjectConfigurationPlatforms) = postSolution
		{F4FAFE71-9E18-4A4A-A82C-3B4602DCEA91}.Debug|Any CPU.ActiveCfg = Debug|Any CPU
		{F4FAFE71-9E18-4A4A-A82C-3B4602DCEA91}.Debug|Any CPU.Build.0 = Debug|Any CPU
		{F4FAFE71-9E18-4A4A-A82C-3B4602DCEA91}.Release|Any CPU.ActiveCfg = Release|Any CPU
		{F4FAFE71-9E18-4A4A-A82C-3B4602DCEA91}.Release|Any CPU.Build.0 = Release|Any CPU
		{6E466099-8C46-43AF-BA15-24AE339722DD}.Debug|Any CPU.ActiveCfg = Debug|Any CPU
		{6E466099-8C46-43AF-BA15-24AE339722DD}.Debug|Any CPU.Build.0 = Debug|Any CPU
		{6E466099-8C46-43AF-BA15-24AE339722DD}.Release|Any CPU.ActiveCfg = Release|Any CPU
		{6E466099-8C46-43AF-BA15-24AE339722DD}.Release|Any CPU.Build.0 = Release|Any CPU
	EndGlobalSection
EndGlobal
